
Microsoft Visual Studio Solution File, Format Version 12.00
# Visual Studio Version 17
VisualStudioVersion = 17.0.31903.59
MinimumVisualStudioVersion = 10.0.40219.1
Project("{2150E333-8FDC-42A3-9474-1A3956D46DE8}") = "src", "src", "{827E0CD3-B72D-47B6-A68D-7590B98EB39B}"
EndProject
Project("{FAE04EC0-301F-11D3-BF4B-00C04F79EFBC}") = "ApkResourceAssistant", "src\ApkResourceAssistant\ApkResourceAssistant.csproj", "{426DB2AC-06EC-4318-A61E-5FEAD763D5E9}"
EndProject
Project("{FAE04EC0-301F-11D3-BF4B-00C04F79EFBC}") = "ApkResourceAssistant.Tests", "tests\ApkResourceAssistant.Tests\ApkResourceAssistant.Tests.csproj", "{789AEB13-4894-4FCC-9B57-9CC41C6FC5DD}"
EndProject
Global
	GlobalSection(SolutionConfigurationPlatforms) = preSolution
		Debug|Any CPU = Debug|Any CPU
		Debug|x64 = Debug|x64
		Debug|x86 = Debug|x86
		Release|Any CPU = Release|Any CPU
		Release|x64 = Release|x64
		Release|x86 = Release|x86
	EndGlobalSection
	GlobalSection(ProjectConfigurationPlatforms) = postSolution
		{426DB2AC-06EC-4318-A61E-5FEAD763D5E9}.Debug|Any CPU.ActiveCfg = Debug|Any CPU
		{426DB2AC-06EC-4318-A61E-5FEAD763D5E9}.Debug|Any CPU.Build.0 = Debug|Any CPU
		{426DB2AC-06EC-4318-A61E-5FEAD763D5E9}.Debug|x64.ActiveCfg = Debug|Any CPU
		{426DB2AC-06EC-4318-A61E-5FEAD763D5E9}.Debug|x64.Build.0 = Debug|Any CPU
		{426DB2AC-06EC-4318-A61E-5FEAD763D5E9}.Debug|x86.ActiveCfg = Debug|Any CPU
		{426DB2AC-06EC-4318-A61E-5FEAD763D5E9}.Debug|x86.Build.0 = Debug|Any CPU
		{426DB2AC-06EC-4318-A61E-5FEAD763D5E9}.Release|Any CPU.ActiveCfg = Release|Any CPU
		{426DB2AC-06EC-4318-A61E-5FEAD763D5E9}.Release|Any CPU.Build.0 = Release|Any CPU
		{426DB2AC-06EC-4318-A61E-5FEAD763D5E9}.Release|x64.ActiveCfg = Release|Any CPU
		{426DB2AC-06EC-4318-A61E-5FEAD763D5E9}.Release|x64.Build.0 = Release|Any CPU
		{426DB2AC-06EC-4318-A61E-5FEAD763D5E9}.Release|x86.ActiveCfg = Release|Any CPU
		{426DB2AC-06EC-4318-A61E-5FEAD763D5E9}.Release|x86.Build.0 = Release|Any CPU
		{789AEB13-4894-4FCC-9B57-9CC41C6FC5DD}.Debug|Any CPU.ActiveCfg = Debug|Any CPU
		{789AEB13-4894-4FCC-9B57-9CC41C6FC5DD}.Debug|Any CPU.Build.0 = Debug|Any CPU
		{789AEB13-4894-4FCC-9B57-9CC41C6FC5DD}.Debug|x64.ActiveCfg = Debug|Any CPU
		{789AEB13-4894-4FCC-9B57-9CC41C6FC5DD}.Debug|x64.Build.0 = Debug|Any CPU
		{789AEB13-4894-4FCC-9B57-9CC41C6FC5DD}.Debug|x86.ActiveCfg = Debug|Any CPU
		{789AEB13-4894-4FCC-9B57-9CC41C6FC5DD}.Debug|x86.Build.0 = Debug|Any CPU
		{789AEB13-4894-4FCC-9B57-9CC41C6FC5DD}.Release|Any CPU.ActiveCfg = Release|Any CPU
		{789AEB13-4894-4FCC-9B57-9CC41C6FC5DD}.Release|Any CPU.Build.0 = Release|Any CPU
		{789AEB13-4894-4FCC-9B57-9CC41C6FC5DD}.Release|x64.ActiveCfg = Release|Any CPU
		{789AEB13-4894-4FCC-9B57-9CC41C6FC5DD}.Release|x64.Build.0 = Release|Any CPU
		{789AEB13-4894-4FCC-9B57-9CC41C6FC5DD}.Release|x86.ActiveCfg = Release|Any CPU
		{789AEB13-4894-4FCC-9B57-9CC41C6FC5DD}.Release|x86.Build.0 = Release|Any CPU
	EndGlobalSection
	GlobalSection(SolutionProperties) = preSolution
		HideSolutionNode = FALSE
	EndGlobalSection
	GlobalSection(NestedProjects) = preSolution
		{426DB2AC-06EC-4318-A61E-5FEAD763D5E9} = {827E0CD3-B72D-47B6-A68D-7590B98EB39B}
		{789AEB13-4894-4FCC-9B57-9CC41C6FC5DD} = {827E0CD3-B72D-47B6-A68D-7590B98EB39B}
	EndGlobalSection
EndGlobal
